Microsoft Visual Studio Solution File, Format Version 12.00
# Visual Studio Version 17
VisualStudioVersion = 17.13.35806.99 d17.13
MinimumVisualStudioVersion = 10.0.40219.1
Project("{FAE04EC0-301F-11D3-BF4B-00C04F79EFBC}") = "AspireBlob.AppHost", "AspireBlob.AppHost\AspireBlob.AppHost.csproj", "{7C163560-A165-4227-964D-ED960D801D10}"
EndProject
Project("{FAE04EC0-301F-11D3-BF4B-00C04F79EFBC}") = "AspireBlob.ServiceDefaults", "AspireBlob.ServiceDefaults\AspireBlob.ServiceDefaults.csproj", "{0521983A-A0B0-EE9F-86A3-7175192202C7}"
EndProject
Project("{FAE04EC0-301F-11D3-BF4B-00C04F79EFBC}") = "AspireBlob.ApiService", "AspireBlob.ApiService\AspireBlob.ApiService.csproj", "{C0E42882-A26D-1397-1967-79EFBAD7E8DB}"
EndProject
Project("{FAE04EC0-301F-11D3-BF4B-00C04F79EFBC}") = "AspireBlob.Web", "AspireBlob.Web\AspireBlob.Web.csproj", "{47E3F8C0-CFD2-7994-0CB8-707CC477173B}"
EndProject
Global
	GlobalSection(SolutionConfigurationPlatforms) = preSolution
		Debug|Any CPU = Debug|Any CPU
		Release|Any CPU = Release|Any CPU
	EndGlobalSection
	GlobalSection(ProjectConfigurationPlatforms) = postSolution
		{7C163560-A165-4227-964D-ED960D801D10}.Debug|Any CPU.ActiveCfg = Debug|Any CPU
		{7C163560-A165-4227-964D-ED960D801D10}.Debug|Any CPU.Build.0 = Debug|Any CPU
		{7C163560-A165-4227-964D-ED960D801D10}.Release|Any CPU.ActiveCfg = Release|Any CPU
		{7C163560-A165-4227-964D-ED960D801D10}.Release|Any CPU.Build.0 = Release|Any CPU
		{0521983A-A0B0-EE9F-86A3-7175192202C7}.Debug|Any CPU.ActiveCfg = Debug|Any CPU
		{0521983A-A0B0-EE9F-86A3-7175192202C7}.Debug|Any CPU.Build.0 = Debug|Any CPU
		{0521983A-A0B0-EE9F-86A3-7175192202C7}.Release|Any CPU.ActiveCfg = Release|Any CPU
		{0521983A-A0B0-EE9F-86A3-7175192202C7}.Release|Any CPU.Build.0 = Release|Any CPU
		{C0E42882-A26D-1397-1967-79EFBAD7E8DB}.Debug|Any CPU.ActiveCfg = Debug|Any CPU
		{C0E42882-A26D-1397-1967-79EFBAD7E8DB}.Debug|Any CPU.Build.0 = Debug|Any CPU
		{C0E42882-A26D-1397-1967-79EFBAD7E8DB}.Release|Any CPU.ActiveCfg = Release|Any CPU
		{C0E42882-A26D-1397-1967-79EFBAD7E8DB}.Release|Any CPU.Build.0 = Release|Any CPU
		{47E3F8C0-CFD2-7994-0CB8-707CC477173B}.Debug|Any CPU.ActiveCfg = Debug|Any CPU
		{47E3F8C0-CFD2-7994-0CB8-707CC477173B}.Debug|Any CPU.Build.0 = Debug|Any CPU
		{47E3F8C0-CFD2-7994-0CB8-707CC477173B}.Release|Any CPU.ActiveCfg = Release|Any CPU
		{47E3F8C0-CFD2-7994-0CB8-707CC477173B}.Release|Any CPU.Build.0 = Release|Any CPU
	EndGlobalSection
	GlobalSection(SolutionProperties) = preSolution
		HideSolutionNode = FALSE
	EndGlobalSection
	GlobalSection(ExtensibilityGlobals) = postSolution
		SolutionGuid = {A7B3868A-1746-4739-B6C9-1360FDDEBA50}
	EndGlobalSection
EndGlobal
